{
  "name": "webapp",
  "version": "1.0.0",
  "lockfileVersion": 3,
  "requires": true,
  "packages": {
    "": {
      "name": "webapp",
      "version": "1.0.0",
      "license": "ISC",
      "dependencies": {
        "persian-datepicker-element": "^1.1.18"
      }
    },
    "node_modules/persian-datepicker-element": {
      "version": "1.1.18",
      "resolved": "https://registry.npmjs.org/persian-datepicker-element/-/persian-datepicker-element-1.1.18.tgz",
      "integrity": "sha512-SQby4qbmYuueSeXst3+yy9tfkuvYVpvaKkYVr+vISB7m9tbMxFAsy4S93whmQ4xFqQmPIjERB2ZU270YrnStdg=="
    }
  }
}
